
Microsoft Visual Studio Solution File, Format Version 12.00
# Visual Studio Version 17
VisualStudioVersion = 17.7.34003.232
MinimumVisualStudioVersion = 10.0.40219.1
Project("{2150E333-8FDC-42A3-9474-1A3956D46DE8}") = "src", "src", "{2A175228-0617-430C-A9E0-EDFBECD7C766}"
EndProject
Project("{2150E333-8FDC-42A3-9474-1A3956D46DE8}") = "Clients", "Clients", "{2FADB9EF-425B-4897-AD44-E9D5121FEA2E}"
EndProject
Project("{2150E333-8FDC-42A3-9474-1A3956D46DE8}") = "Api", "Api", "{6C5A768F-F0E2-4ECD-9216-318D1D195A41}"
EndProject
Project("{2150E333-8FDC-42A3-9474-1A3956D46DE8}") = "Common", "Common", "{9A836ACD-D606-4F5A-9663-59850980D7E4}"
EndProject
Project("{2150E333-8FDC-42A3-9474-1A3956D46DE8}") = "Projections", "Projections", "{15280163-FE83-460F-BE76-3517AF771065}"
EndProject
Project("{2150E333-8FDC-42A3-9474-1A3956D46DE8}") = "Core", "Core", "{B70139DB-F10E-4B54-B677-E6FBE14FB25C}"
EndProject
Project("{2150E333-8FDC-42A3-9474-1A3956D46DE8}") = "Infrastructure", "Infrastructure", "{5A37E7C1-AA77-47EC-95FF-8B50F1E93BEB}"
EndProject
Project("{2150E333-8FDC-42A3-9474-1A3956D46DE8}") = "WebApi", "WebApi", "{596A8269-9F35-47D7-8926-7D251F322BE1}"
EndProject
Project("{2150E333-8FDC-42A3-9474-1A3956D46DE8}") = "BlazorWeb", "BlazorWeb", "{653643E8-397E-4E1D-BD4F-B79151F26B9A}"
EndProject
Project("{FAE04EC0-301F-11D3-BF4B-00C04F79EFBC}") = "BlazorSozluk.Common", "src\Common\BlazorSozluk.Common\BlazorSozluk.Common.csproj", "{8338120E-C48C-4C7F-8DFB-C6518B706852}"
EndProject
Project("{FAE04EC0-301F-11D3-BF4B-00C04F79EFBC}") = "BlazorSozluk.Api.Domain", "src\Api\Core\BlazorSozluk.Api.Domain\BlazorSozluk.Api.Domain.csproj", "{F3176D68-7442-4D94-B546-71F39837737D}"
EndProject
Project("{FAE04EC0-301F-11D3-BF4B-00C04F79EFBC}") = "BlazorSozluk.Api.Application", "src\Api\Core\BlazorSozluk.Api.Application\BlazorSozluk.Api.Application.csproj", "{EEAF87BA-415A-4FF4-82A6-6584545F2AB9}"
EndProject
Project("{FAE04EC0-301F-11D3-BF4B-00C04F79EFBC}") = "BlazorSozluk.Infrastructure.Persistence", "src\Api\Infrastructure\BlazorSozluk.Infrastructure.Persistence\BlazorSozluk.Infrastructure.Persistence.csproj", "{0B69E03C-5842-489B-ABAA-DB879B4B9B7B}"
EndProject
Project("{FAE04EC0-301F-11D3-BF4B-00C04F79EFBC}") = "BlazorSozluk.Api.WebApi", "src\Api\WebApi\BlazorSozluk.Api.WebApi\BlazorSozluk.Api.WebApi.csproj", "{2F5842A0-C3C0-4104-A931-EC241F6CCC42}"
EndProject
Project("{FAE04EC0-301F-11D3-BF4B-00C04F79EFBC}") = "BlazorSozluk.Projections.FavoriteService", "src\Projections\BlazorSozluk.Projections.FavoriteService\BlazorSozluk.Projections.FavoriteService.csproj", "{D251F2C3-B77F-4DD8-A185-F0981B1F1D3E}"
EndProject
Project("{FAE04EC0-301F-11D3-BF4B-00C04F79EFBC}") = "BlazorSozluk.Projections.VoteService", "src\Projections\BlazorSozluk.Projections.VoteService\BlazorSozluk.Projections.VoteService.csproj", "{D17583B7-0BC9-4B13-9B0A-DC131174A3CA}"
EndProject
Project("{FAE04EC0-301F-11D3-BF4B-00C04F79EFBC}") = "BlazorSozluk.Projections.UserService", "src\Projections\BlazorSozluk.Projections.UserService\BlazorSozluk.Projections.UserService.csproj", "{028F304B-273F-471E-A70B-BE3C1F233F61}"
EndProject
Global
	GlobalSection(SolutionConfigurationPlatforms) = preSolution
		Debug|Any CPU = Debug|Any CPU
		Release|Any CPU = Release|Any CPU
	EndGlobalSection
	GlobalSection(ProjectConfigurationPlatforms) = postSolution
		{8338120E-C48C-4C7F-8DFB-C6518B706852}.Debug|Any CPU.ActiveCfg = Debug|Any CPU
		{8338120E-C48C-4C7F-8DFB-C6518B706852}.Debug|Any CPU.Build.0 = Debug|Any CPU
		{8338120E-C48C-4C7F-8DFB-C6518B706852}.Release|Any CPU.ActiveCfg = Release|Any CPU
		{8338120E-C48C-4C7F-8DFB-C6518B706852}.Release|Any CPU.Build.0 = Release|Any CPU
		{F3176D68-7442-4D94-B546-71F39837737D}.Debug|Any CPU.ActiveCfg = Debug|Any CPU
		{F3176D68-7442-4D94-B546-71F39837737D}.Debug|Any CPU.Build.0 = Debug|Any CPU
		{F3176D68-7442-4D94-B546-71F39837737D}.Release|Any CPU.ActiveCfg = Release|Any CPU
		{F3176D68-7442-4D94-B546-71F39837737D}.Release|Any CPU.Build.0 = Release|Any CPU
		{EEAF87BA-415A-4FF4-82A6-6584545F2AB9}.Debug|Any CPU.ActiveCfg = Debug|Any CPU
		{EEAF87BA-415A-4FF4-82A6-6584545F2AB9}.Debug|Any CPU.Build.0 = Debug|Any CPU
		{EEAF87BA-415A-4FF4-82A6-6584545F2AB9}.Release|Any CPU.ActiveCfg = Release|Any CPU
		{EEAF87BA-415A-4FF4-82A6-6584545F2AB9}.Release|Any CPU.Build.0 = Release|Any CPU
		{0B69E03C-5842-489B-ABAA-DB879B4B9B7B}.Debug|Any CPU.ActiveCfg = Debug|Any CPU
		{0B69E03C-5842-489B-ABAA-DB879B4B9B7B}.Debug|Any CPU.Build.0 = Debug|Any CPU
		{0B69E03C-5842-489B-ABAA-DB879B4B9B7B}.Release|Any CPU.ActiveCfg = Release|Any CPU
		{0B69E03C-5842-489B-ABAA-DB879B4B9B7B}.Release|Any CPU.Build.0 = Release|Any CPU
		{2F5842A0-C3C0-4104-A931-EC241F6CCC42}.Debug|Any CPU.ActiveCfg = Debug|Any CPU
		{2F5842A0-C3C0-4104-A931-EC241F6CCC42}.Debug|Any CPU.Build.0 = Debug|Any CPU
		{2F5842A0-C3C0-4104-A931-EC241F6CCC42}.Release|Any CPU.ActiveCfg = Release|Any CPU
		{2F5842A0-C3C0-4104-A931-EC241F6CCC42}.Release|Any CPU.Build.0 = Release|Any CPU
		{D251F2C3-B77F-4DD8-A185-F0981B1F1D3E}.Debug|Any CPU.ActiveCfg = Debug|Any CPU
		{D251F2C3-B77F-4DD8-A185-F0981B1F1D3E}.Debug|Any CPU.Build.0 = Debug|Any CPU
		{D251F2C3-B77F-4DD8-A185-F0981B1F1D3E}.Release|Any CPU.ActiveCfg = Release|Any CPU
		{D251F2C3-B77F-4DD8-A185-F0981B1F1D3E}.Release|Any CPU.Build.0 = Release|Any CPU
		{D17583B7-0BC9-4B13-9B0A-DC131174A3CA}.Debug|Any CPU.ActiveCfg = Debug|Any CPU
		{D17583B7-0BC9-4B13-9B0A-DC131174A3CA}.Debug|Any CPU.Build.0 = Debug|Any CPU
		{D17583B7-0BC9-4B13-9B0A-DC131174A3CA}.Release|Any CPU.ActiveCfg = Release|Any CPU
		{D17583B7-0BC9-4B13-9B0A-DC131174A3CA}.Release|Any CPU.Build.0 = Release|Any CPU
		{028F304B-273F-471E-A70B-BE3C1F233F61}.Debug|Any CPU.ActiveCfg = Debug|Any CPU
		{028F304B-273F-471E-A70B-BE3C1F233F61}.Debug|Any CPU.Build.0 = Debug|Any CPU
		{028F304B-273F-471E-A70B-BE3C1F233F61}.Release|Any CPU.ActiveCfg = Release|Any CPU
		{028F304B-273F-471E-A70B-BE3C1F233F61}.Release|Any CPU.Build.0 = Release|Any CPU
	EndGlobalSection
	GlobalSection(SolutionProperties) = preSolution
		HideSolutionNode = FALSE
	EndGlobalSection
	GlobalSection(NestedProjects) = preSolution
		{2FADB9EF-425B-4897-AD44-E9D5121FEA2E} = {2A175228-0617-430C-A9E0-EDFBECD7C766}
		{6C5A768F-F0E2-4ECD-9216-318D1D195A41} = {2A175228-0617-430C-A9E0-EDFBECD7C766}
		{9A836ACD-D606-4F5A-9663-59850980D7E4} = {2A175228-0617-430C-A9E0-EDFBECD7C766}
		{15280163-FE83-460F-BE76-3517AF771065} = {2A175228-0617-430C-A9E0-EDFBECD7C766}
		{B70139DB-F10E-4B54-B677-E6FBE14FB25C} = {6C5A768F-F0E2-4ECD-9216-318D1D195A41}
		{5A37E7C1-AA77-47EC-95FF-8B50F1E93BEB} = {6C5A768F-F0E2-4ECD-9216-318D1D195A41}
		{596A8269-9F35-47D7-8926-7D251F322BE1} = {6C5A768F-F0E2-4ECD-9216-318D1D195A41}
		{653643E8-397E-4E1D-BD4F-B79151F26B9A} = {2FADB9EF-425B-4897-AD44-E9D5121FEA2E}
		{8338120E-C48C-4C7F-8DFB-C6518B706852} = {9A836ACD-D606-4F5A-9663-59850980D7E4}
		{F3176D68-7442-4D94-B546-71F39837737D} = {B70139DB-F10E-4B54-B677-E6FBE14FB25C}
		{EEAF87BA-415A-4FF4-82A6-6584545F2AB9} = {B70139DB-F10E-4B54-B677-E6FBE14FB25C}
		{0B69E03C-5842-489B-ABAA-DB879B4B9B7B} = {5A37E7C1-AA77-47EC-95FF-8B50F1E93BEB}
		{2F5842A0-C3C0-4104-A931-EC241F6CCC42} = {596A8269-9F35-47D7-8926-7D251F322BE1}
		{D251F2C3-B77F-4DD8-A185-F0981B1F1D3E} = {15280163-FE83-460F-BE76-3517AF771065}
		{D17583B7-0BC9-4B13-9B0A-DC131174A3CA} = {15280163-FE83-460F-BE76-3517AF771065}
		{028F304B-273F-471E-A70B-BE3C1F233F61} = {15280163-FE83-460F-BE76-3517AF771065}
	EndGlobalSection
	GlobalSection(ExtensibilityGlobals) = postSolution
		SolutionGuid = {8A4C9DB0-A894-444E-AFFD-991A43399937}
	EndGlobalSection
EndGlobal
